// !$*UTF8*$!
{
	archiveVersion = 1;
	classes = {
	};
	objectVersion = 50;
	objects = {

/* Begin PBXBuildFile section */
		00FB56E9C2FDCC1E5DE2E06B /* Pods_DGPlayerTests.framework in Frameworks */ = {isa = PBXBuildFile; fileRef = E84196BE499C4AFCFA5C8B65 /* Pods_DGPlayerTests.framework */; };
		51AE9DD00A17BA9CE5253F6D /* Pods_DGPlayer.framework in Frameworks */ = {isa = PBXBuildFile; fileRef = 5A9C5A18022E0D553DD9E76B /* Pods_DGPlayer.framework */; };
		63A05C1621BBB2E400304FDB /* AppDelegate.swift in Sources */ = {isa = PBXBuildFile; fileRef = 63A05C1521BBB2E400304FDB /* AppDelegate.swift */; };
		63A05C1821BBB2E400304FDB /* ViewController.swift in Sources */ = {isa = PBXBuildFile; fileRef = 63A05C1721BBB2E400304FDB /* ViewController.swift */; };
		63A05C1B21BBB2E400304FDB /* Main.storyboard in Resources */ = {isa = PBXBuildFile; fileRef = 63A05C1921BBB2E400304FDB /* Main.storyboard */; };
		63A05C1D21BBB2E900304FDB /* Assets.xcassets in Resources */ = {isa = PBXBuildFile; fileRef = 63A05C1C21BBB2E900304FDB /* Assets.xcassets */; };
		63A05C2021BBB2E900304FDB /* LaunchScreen.storyboard in Resources */ = {isa = PBXBuildFile; fileRef = 63A05C1E21BBB2E900304FDB /* LaunchScreen.storyboard */; };
		63A05C2B21BBB2E900304FDB /* DGPlayerTests.swift in Sources */ = {isa = PBXBuildFile; fileRef = 63A05C2A21BBB2E900304FDB /* DGPlayerTests.swift */; };
		63A05C3621BBB2E900304FDB /* DGPlayerUITests.swift in Sources */ = {isa = PBXBuildFile; fileRef = 63A05C3521BBB2E900304FDB /* DGPlayerUITests.swift */; };
		63A05C4521BBB35E00304FDB /* DGPlayer.xcassets in Resources */ = {isa = PBXBuildFile; fileRef = 63A05C4421BBB35E00304FDB /* DGPlayer.xcassets */; };
		63A05C4821BBB39300304FDB /* DGLoadingView.swift in Sources */ = {isa = PBXBuildFile; fileRef = 63A05C4721BBB39300304FDB /* DGLoadingView.swift */; };
		63A05C4C21BBC2FB00304FDB /* DGPlayerView.swift in Sources */ = {isa = PBXBuildFile; fileRef = 63A05C4B21BBC2FB00304FDB /* DGPlayerView.swift */; };
		63A05C4E21BBF4D600304FDB /* TestViewController.swift in Sources */ = {isa = PBXBuildFile; fileRef = 63A05C4D21BBF4D600304FDB /* TestViewController.swift */; };
		63A05C5021BC104700304FDB /* DGPlayerViewController.swift in Sources */ = {isa = PBXBuildFile; fileRef = 63A05C4F21BC104700304FDB /* DGPlayerViewController.swift */; };
		63D43D8121BCDAA6004DF3BC /* DeviceTool.m in Sources */ = {isa = PBXBuildFile; fileRef = 63D43D7F21BCDAA6004DF3BC /* DeviceTool.m */; };
		E6981827CF72EF06F548A9B6 /* Pods_DGPlayerUITests.framework in Frameworks */ = {isa = PBXBuildFile; fileRef = 87EA634A113DC6400023144B /* Pods_DGPlayerUITests.framework */; };
/* End PBXBuildFile section */

/* Begin PBXContainerItemProxy section */
		63A05C2721BBB2E900304FDB /* PBXContainerItemProxy */ = {
			isa = PBXContainerItemProxy;
			containerPortal = 63A05C0A21BBB2E400304FDB /* Project object */;
			proxyType = 1;
			remoteGlobalIDString = 63A05C1121BBB2E400304FDB;
			remoteInfo = DGPlayer;
		};
		63A05C3221BBB2E900304FDB /* PBXContainerItemProxy */ = {
			isa = PBXContainerItemProxy;
			containerPortal = 63A05C0A21BBB2E400304FDB /* Project object */;
			proxyType = 1;
			remoteGlobalIDString = 63A05C1121BBB2E400304FDB;
			remoteInfo = DGPlayer;
		};
/* End PBXContainerItemProxy section */

/* Begin PBXFileReference section */
		5A9C5A18022E0D553DD9E76B /* Pods_DGPlayer.framework */ = {isa = PBXFileReference; explicitFileType = wrapper.framework; includeInIndex = 0; path = Pods_DGPlayer.framework; sourceTree = BUILT_PRODUCTS_DIR; };
		63A05C1221BBB2E400304FDB /* DGPlayer.app */ = {isa = PBXFileReference; explicitFileType = wrapper.application; includeInIndex = 0; path = DGPlayer.app; sourceTree = BUILT_PRODUCTS_DIR; };
		63A05C1521BBB2E400304FDB /* AppDelegate.swift */ = {isa = PBXFileReference; lastKnownFileType = sourcecode.swift; path = AppDelegate.swift; sourceTree = "<group>"; };
		63A05C1721BBB2E400304FDB /* ViewController.swift */ = {isa = PBXFileReference; lastKnownFileType = sourcecode.swift; path = ViewController.swift; sourceTree = "<group>"; };
		63A05C1A21BBB2E400304FDB /* Base */ = {isa = PBXFileReference; lastKnownFileType = file.storyboard; name = Base; path = Base.lproj/Main.storyboard; sourceTree = "<group>"; };
		63A05C1C21BBB2E900304FDB /* Assets.xcassets */ = {isa = PBXFileReference; lastKnownFileType = folder.assetcatalog; path = Assets.xcassets; sourceTree = "<group>"; };
		63A05C1F21BBB2E900304FDB /* Base */ = {isa = PBXFileReference; lastKnownFileType = file.storyboard; name = Base; path = Base.lproj/LaunchScreen.storyboard; sourceTree = "<group>"; };
		63A05C2121BBB2E900304FDB /* Info.plist */ = {isa = PBXFileReference; lastKnownFileType = text.plist.xml; path = Info.plist; sourceTree = "<group>"; };
		63A05C2621BBB2E900304FDB /* DGPlayerTests.xctest */ = {isa = PBXFileReference; explicitFileType = wrapper.cfbundle; includeInIndex = 0; path = DGPlayerTests.xctest; sourceTree = BUILT_PRODUCTS_DIR; };
		63A05C2A21BBB2E900304FDB /* DGPlayerTests.swift */ = {isa = PBXFileReference; lastKnownFileType = sourcecode.swift; path = DGPlayerTests.swift; sourceTree = "<group>"; };
		63A05C2C21BBB2E900304FDB /* Info.plist */ = {isa = PBXFileReference; lastKnownFileType = text.plist.xml; path = Info.plist; sourceTree = "<group>"; };
		63A05C3121BBB2E900304FDB /* DGPlayerUITests.xctest */ = {isa = PBXFileReference; explicitFileType = wrapper.cfbundle; includeInIndex = 0; path = DGPlayerUITests.xctest; sourceTree = BUILT_PRODUCTS_DIR; };
		63A05C3521BBB2E900304FDB /* DGPlayerUITests.swift */ = {isa = PBXFileReference; lastKnownFileType = sourcecode.swift; path = DGPlayerUITests.swift; sourceTree = "<group>"; };
		63A05C3721BBB2E900304FDB /* Info.plist */ = {isa = PBXFileReference; lastKnownFileType = text.plist.xml; path = Info.plist; sourceTree = "<group>"; };
		63A05C4421BBB35E00304FDB /* DGPlayer.xcassets */ = {isa = PBXFileReference; lastKnownFileType = folder.assetcatalog; path = DGPlayer.xcassets; sourceTree = "<group>"; };
		63A05C4721BBB39300304FDB /* DGLoadingView.swift */ = {isa = PBXFileReference; fileEncoding = 4; lastKnownFileType = sourcecode.swift; path = DGLoadingView.swift; sourceTree = "<group>"; };
		63A05C4B21BBC2FB00304FDB /* DGPlayerView.swift */ = {isa = PBXFileReference; lastKnownFileType = sourcecode.swift; path = DGPlayerView.swift; sourceTree = "<group>"; };
		63A05C4D21BBF4D600304FDB /* TestViewController.swift */ = {isa = PBXFileReference; lastKnownFileType = sourcecode.swift; path = TestViewController.swift; sourceTree = "<group>"; };
		63A05C4F21BC104700304FDB /* DGPlayerViewController.swift */ = {isa = PBXFileReference; lastKnownFileType = sourcecode.swift; path = DGPlayerViewController.swift; sourceTree = "<group>"; };
		63D43D7E21BCDAA4004DF3BC /* DGPlayer-Bridging-Header.h */ = {isa = PBXFileReference; lastKnownFileType = sourcecode.c.h; path = "DGPlayer-Bridging-Header.h"; sourceTree = "<group>"; };
		63D43D7F21BCDAA6004DF3BC /* DeviceTool.m */ = {isa = PBXFileReference; fileEncoding = 4; lastKnownFileType = sourcecode.c.objc; path = DeviceTool.m; sourceTree = "<group>"; };
		63D43D8021BCDAA6004DF3BC /* DeviceTool.h */ = {isa = PBXFileReference; fileEncoding = 4; lastKnownFileType = sourcecode.c.h; path = DeviceTool.h; sourceTree = "<group>"; };
		6BB2D1F2321245BD30DCD3FF /* Pods-DGPlayer.debug.xcconfig */ = {isa = PBXFileReference; includeInIndex = 1; lastKnownFileType = text.xcconfig; name = "Pods-DGPlayer.debug.xcconfig"; path = "Pods/Target Support Files/Pods-DGPlayer/Pods-DGPlayer.debug.xcconfig"; sourceTree = "<group>"; };
		85797799234D5B90683AB367 /* Pods-DGPlayerUITests.release.xcconfig */ = {isa = PBXFileReference; includeInIndex = 1; lastKnownFileType = text.xcconfig; name = "Pods-DGPlayerUITests.release.xcconfig"; path = "Pods/Target Support Files/Pods-DGPlayerUITests/Pods-DGPlayerUITests.release.xcconfig"; sourceTree = "<group>"; };
		87EA634A113DC6400023144B /* Pods_DGPlayerUITests.framework */ = {isa = PBXFileReference; explicitFileType = wrapper.framework; includeInIndex = 0; path = Pods_DGPlayerUITests.framework; sourceTree = BUILT_PRODUCTS_DIR; };
		A46BAF37EE8F4E293FC5718C /* Pods-DGPlayer.release.xcconfig */ = {isa = PBXFileReference; includeInIndex = 1; lastKnownFileType = text.xcconfig; name = "Pods-DGPlayer.release.xcconfig"; path = "Pods/Target Support Files/Pods-DGPlayer/Pods-DGPlayer.release.xcconfig"; sourceTree = "<group>"; };
		B91F09288A34FDB0CB8A0D87 /* Pods-DGPlayerTests.debug.xcconfig */ = {isa = PBXFileReference; includeInIndex = 1; lastKnownFileType = text.xcconfig; name = "Pods-DGPlayerTests.debug.xcconfig"; path = "Pods/Target Support Files/Pods-DGPlayerTests/Pods-DGPlayerTests.debug.xcconfig"; sourceTree = "<group>"; };
		C99791AD429D8E6E6AFBB8AB /* Pods-DGPlayerUITests.debug.xcconfig */ = {isa = PBXFileReference; includeInIndex = 1; lastKnownFileType = text.xcconfig; name = "Pods-DGPlayerUITests.debug.xcconfig"; path = "Pods/Target Support Files/Pods-DGPlayerUITests/Pods-DGPlayerUITests.debug.xcconfig"; sourceTree = "<group>"; };
		E84196BE499C4AFCFA5C8B65 /* Pods_DGPlayerTests.framework */ = {isa = PBXFileReference; explicitFileType = wrapper.framework; includeInIndex = 0; path = Pods_DGPlayerTests.framework; sourceTree = BUILT_PRODUCTS_DIR; };
		F88C2D8A87DCC2E1EADB7BAC /* Pods-DGPlayerTests.release.xcconfig */ = {isa = PBXFileReference; includeInIndex = 1; lastKnownFileType = text.xcconfig; name = "Pods-DGPlayerTests.release.xcconfig"; path = "Pods/Target Support Files/Pods-DGPlayerTests/Pods-DGPlayerTests.release.xcconfig"; sourceTree = "<group>"; };
/* End PBXFileReference section */

/* Begin PBXFrameworksBuildPhase section */
		63A05C0F21BBB2E400304FDB /* Frameworks */ = {
			isa = PBXFrameworksBuildPhase;
			buildActionMask = 2147483647;
			files = (
				51AE9DD00A17BA9CE5253F6D /* Pods_DGPlayer.framework in Frameworks */,
			);
			runOnlyForDeploymentPostprocessing = 0;
		};
		63A05C2321BBB2E900304FDB /* Frameworks */ = {
			isa = PBXFrameworksBuildPhase;
			buildActionMask = 2147483647;
			files = (
				00FB56E9C2FDCC1E5DE2E06B /* Pods_DGPlayerTests.framework in Frameworks */,
			);
			runOnlyForDeploymentPostprocessing = 0;
		};
		63A05C2E21BBB2E900304FDB /* Frameworks */ = {
			isa = PBXFrameworksBuildPhase;
			buildActionMask = 2147483647;
			files = (
				E6981827CF72EF06F548A9B6 /* Pods_DGPlayerUITests.framework in Frameworks */,
			);
			runOnlyForDeploymentPostprocessing = 0;
		};
/* End PBXFrameworksBuildPhase section */

/* Begin PBXGroup section */
		63A05C0921BBB2E400304FDB = {
			isa = PBXGroup;
			children = (
				63A05C1421BBB2E400304FDB /* DGPlayer */,
				63A05C2921BBB2E900304FDB /* DGPlayerTests */,
				63A05C3421BBB2E900304FDB /* DGPlayerUITests */,
				63A05C1321BBB2E400304FDB /* Products */,
				D826697107D2A873B3552F0A /* Pods */,
				B1FD26FA65B3E6D85AD6910C /* Frameworks */,
			);
			sourceTree = "<group>";
		};
		63A05C1321BBB2E400304FDB /* Products */ = {
			isa = PBXGroup;
			children = (
				63A05C1221BBB2E400304FDB /* DGPlayer.app */,
				63A05C2621BBB2E900304FDB /* DGPlayerTests.xctest */,
				63A05C3121BBB2E900304FDB /* DGPlayerUITests.xctest */,
			);
			name = Products;
			sourceTree = "<group>";
		};
		63A05C1421BBB2E400304FDB /* DGPlayer */ = {
			isa = PBXGroup;
			children = (
				63A05C4321BBB34A00304FDB /* DGPlayer */,
				63A05C1521BBB2E400304FDB /* AppDelegate.swift */,
				63A05C1721BBB2E400304FDB /* ViewController.swift */,
				63A05C4D21BBF4D600304FDB /* TestViewController.swift */,
				63D43D7E21BCDAA4004DF3BC /* DGPlayer-Bridging-Header.h */,
				63A05C1921BBB2E400304FDB /* Main.storyboard */,
				63A05C1C21BBB2E900304FDB /* Assets.xcassets */,
				63A05C1E21BBB2E900304FDB /* LaunchScreen.storyboard */,
				63A05C2121BBB2E900304FDB /* Info.plist */,
			);
			path = DGPlayer;
			sourceTree = "<group>";
		};
		63A05C2921BBB2E900304FDB /* DGPlayerTests */ = {
			isa = PBXGroup;
			children = (
				63A05C2A21BBB2E900304FDB /* DGPlayerTests.swift */,
				63A05C2C21BBB2E900304FDB /* Info.plist */,
			);
			path = DGPlayerTests;
			sourceTree = "<group>";
		};
		63A05C3421BBB2E900304FDB /* DGPlayerUITests */ = {
			isa = PBXGroup;
			children = (
				63A05C3521BBB2E900304FDB /* DGPlayerUITests.swift */,
				63A05C3721BBB2E900304FDB /* Info.plist */,
			);
			path = DGPlayerUITests;
			sourceTree = "<group>";
		};
		63A05C4321BBB34A00304FDB /* DGPlayer */ = {
			isa = PBXGroup;
			children = (
				63A05C4421BBB35E00304FDB /* DGPlayer.xcassets */,
				63A05C4721BBB39300304FDB /* DGLoadingView.swift */,
				63A05C4B21BBC2FB00304FDB /* DGPlayerView.swift */,
				63A05C4F21BC104700304FDB /* DGPlayerViewController.swift */,
				63D43D8021BCDAA6004DF3BC /* DeviceTool.h */,
				63D43D7F21BCDAA6004DF3BC /* DeviceTool.m */,
			);
			path = DGPlayer;
			sourceTree = "<group>";
		};
		B1FD26FA65B3E6D85AD6910C /* Frameworks */ = {
			isa = PBXGroup;
			children = (
				5A9C5A18022E0D553DD9E76B /* Pods_DGPlayer.framework */,
				E84196BE499C4AFCFA5C8B65 /* Pods_DGPlayerTests.framework */,
				87EA634A113DC6400023144B /* Pods_DGPlayerUITests.framework */,
			);
			name = Frameworks;
			sourceTree = "<group>";
		};
		D826697107D2A873B3552F0A /* Pods */ = {
			isa = PBXGroup;
			children = (
				6BB2D1F2321245BD30DCD3FF /* Pods-DGPlayer.debug.xcconfig */,
				A46BAF37EE8F4E293FC5718C /* Pods-DGPlayer.release.xcconfig */,
				B91F09288A34FDB0CB8A0D87 /* Pods-DGPlayerTests.debug.xcconfig */,
				F88C2D8A87DCC2E1EADB7BAC /* Pods-DGPlayerTests.release.xcconfig */,
				C99791AD429D8E6E6AFBB8AB /* Pods-DGPlayerUITests.debug.xcconfig */,
				85797799234D5B90683AB367 /* Pods-DGPlayerUITests.release.xcconfig */,
			);
			name = Pods;
			sourceTree = "<group>";
		};
/* End PBXGroup section */

/* Begin PBXNativeTarget section */
		63A05C1121BBB2E400304FDB /* DGPlayer */ = {
			isa = PBXNativeTarget;
			buildConfigurationList = 63A05C3A21BBB2E900304FDB /* Build configuration list for PBXNativeTarget "DGPlayer" */;
			buildPhases = (
				456101E0A6990C4F9B717B3D /* [CP] Check Pods Manifest.lock */,
				63A05C0E21BBB2E400304FDB /* Sources */,
				63A05C0F21BBB2E400304FDB /* Frameworks */,
				63A05C1021BBB2E400304FDB /* Resources */,
				DB8B576709DFC1810B70C8E7 /* [CP] Embed Pods Frameworks */,
			);
			buildRules = (
			);
			dependencies = (
			);
			name = DGPlayer;
			productName = DGPlayer;
			productReference = 63A05C1221BBB2E400304FDB /* DGPlayer.app */;
			productType = "com.apple.product-type.application";
		};
		63A05C2521BBB2E900304FDB /* DGPlayerTests */ = {
			isa = PBXNativeTarget;
			buildConfigurationList = 63A05C3D21BBB2E900304FDB /* Build configuration list for PBXNativeTarget "DGPlayerTests" */;
			buildPhases = (
				9F0BF6817278B4C749733601 /* [CP] Check Pods Manifest.lock */,
				63A05C2221BBB2E900304FDB /* Sources */,
				63A05C2321BBB2E900304FDB /* Frameworks */,
				63A05C2421BBB2E900304FDB /* Resources */,
			);
			buildRules = (
			);
			dependencies = (
				63A05C2821BBB2E900304FDB /* PBXTargetDependency */,
			);
			name = DGPlayerTests;
			productName = DGPlayerTests;
			productReference = 63A05C2621BBB2E900304FDB /* DGPlayerTests.xctest */;
			productType = "com.apple.product-type.bundle.unit-test";
		};
		63A05C3021BBB2E900304FDB /* DGPlayerUITests */ = {
			isa = PBXNativeTarget;
			buildConfigurationList = 63A05C4021BBB2E900304FDB /* Build configuration list for PBXNativeTarget "DGPlayerUITests" */;
			buildPhases = (
				A05AA5E27C3034D63FECCC6C /* [CP] Check Pods Manifest.lock */,
				63A05C2D21BBB2E900304FDB /* Sources */,
				63A05C2E21BBB2E900304FDB /* Frameworks */,
				63A05C2F21BBB2E900304FDB /* Resources */,
			);
			buildRules = (
			);
			dependencies = (
				63A05C3321BBB2E900304FDB /* PBXTargetDependency */,
			);
			name = DGPlayerUITests;
			productName = DGPlayerUITests;
			productReference = 63A05C3121BBB2E900304FDB /* DGPlayerUITests.xctest */;
			productType = "com.apple.product-type.bundle.ui-testing";
		};
/* End PBXNativeTarget section */

/* Begin PBXProject section */
		63A05C0A21BBB2E400304FDB /* Project object */ = {
			isa = PBXProject;
			attributes = {
				LastSwiftUpdateCheck = 1010;
				LastUpgradeCheck = 1010;
				ORGANIZATIONNAME = dd;
				TargetAttributes = {
					63A05C1121BBB2E400304FDB = {
						CreatedOnToolsVersion = 10.1;
						LastSwiftMigration = 1010;
					};
					63A05C2521BBB2E900304FDB = {
						CreatedOnToolsVersion = 10.1;
						TestTargetID = 63A05C1121BBB2E400304FDB;
					};
					63A05C3021BBB2E900304FDB = {
						CreatedOnToolsVersion = 10.1;
						TestTargetID = 63A05C1121BBB2E400304FDB;
					};
				};
			};
			buildConfigurationList = 63A05C0D21BBB2E400304FDB /* Build configuration list for PBXProject "DGPlayer" */;
			compatibilityVersion = "Xcode 9.3";
			developmentRegion = en;
			hasScannedForEncodings = 0;
			knownRegions = (
				en,
				Base,
			);
			mainGroup = 63A05C0921BBB2E400304FDB;
			productRefGroup = 63A05C1321BBB2E400304FDB /* Products */;
			projectDirPath = "";
			projectRoot = "";
			targets = (
				63A05C1121BBB2E400304FDB /* DGPlayer */,
				63A05C2521BBB2E900304FDB /* DGPlayerTests */,
				63A05C3021BBB2E900304FDB /* DGPlayerUITests */,
			);
		};
/* End PBXProject section */

/* Begin PBXResourcesBuildPhase section */
		63A05C1021BBB2E400304FDB /* Resources */ = {
			isa = PBXResourcesBuildPhase;
			buildActionMask = 2147483647;
			files = (
				63A05C2021BBB2E900304FDB /* LaunchScreen.storyboard in Resources */,
				63A05C4521BBB35E00304FDB /* DGPlayer.xcassets in Resources */,
				63A05C1D21BBB2E900304FDB /* Assets.xcassets in Resources */,
				63A05C1B21BBB2E400304FDB /* Main.storyboard in Resources */,
			);
			runOnlyForDeploymentPostprocessing = 0;
		};
		63A05C2421BBB2E900304FDB /* Resources */ = {
			isa = PBXResourcesBuildPhase;
			buildActionMask = 2147483647;
			files = (
			);
			runOnlyForDeploymentPostprocessing = 0;
		};
		63A05C2F21BBB2E900304FDB /* Resources */ = {
			isa = PBXResourcesBuildPhase;
			buildActionMask = 2147483647;
			files = (
			);
			runOnlyForDeploymentPostprocessing = 0;
		};
/* End PBXResourcesBuildPhase section */

/* Begin PBXShellScriptBuildPhase section */
		456101E0A6990C4F9B717B3D /* [CP] Check Pods Manifest.lock */ = {
			isa = PBXShellScriptBuildPhase;
			buildActionMask = 2147483647;
			files = (
			);
			inputFileListPaths = (
			);
			inputPaths = (
				"${PODS_PODFILE_DIR_PATH}/Podfile.lock",
				"${PODS_ROOT}/Manifest.lock",
			);
			name = "[CP] Check Pods Manifest.lock";
			outputFileListPaths = (
			);
			outputPaths = (
				"$(DERIVED_FILE_DIR)/Pods-DGPlayer-checkManifestLockResult.txt",
			);
			runOnlyForDeploymentPostprocessing = 0;
			shellPath = /bin/sh;
			shellScript = "diff \"${PODS_PODFILE_DIR_PATH}/Podfile.lock\" \"${PODS_ROOT}/Manifest.lock\" > /dev/null\nif [ $? != 0 ] ; then\n    # print error to STDERR\n    echo \"error: The sandbox is not in sync with the Podfile.lock. Run 'pod install' or update your CocoaPods installation.\" >&2\n    exit 1\nfi\n# This output is used by Xcode 'outputs' to avoid re-running this script phase.\necho \"SUCCESS\" > \"${SCRIPT_OUTPUT_FILE_0}\"\n";
			showEnvVarsInLog = 0;
		};
		9F0BF6817278B4C749733601 /* [CP] Check Pods Manifest.lock */ = {
			isa = PBXShellScriptBuildPhase;
			buildActionMask = 2147483647;
			files = (
			);
			inputFileListPaths = (
			);
			inputPaths = (
				"${PODS_PODFILE_DIR_PATH}/Podfile.lock",
				"${PODS_ROOT}/Manifest.lock",
			);
			name = "[CP] Check Pods Manifest.lock";
			outputFileListPaths = (
			);
			outputPaths = (
				"$(DERIVED_FILE_DIR)/Pods-DGPlayerTests-checkManifestLockResult.txt",
			);
			runOnlyForDeploymentPostprocessing = 0;
			shellPath = /bin/sh;
			shellScript = "diff \"${PODS_PODFILE_DIR_PATH}/Podfile.lock\" \"${PODS_ROOT}/Manifest.lock\" > /dev/null\nif [ $? != 0 ] ; then\n    # print error to STDERR\n    echo \"error: The sandbox is not in sync with the Podfile.lock. Run 'pod install' or update your CocoaPods installation.\" >&2\n    exit 1\nfi\n# This output is used by Xcode 'outputs' to avoid re-running this script phase.\necho \"SUCCESS\" > \"${SCRIPT_OUTPUT_FILE_0}\"\n";
			showEnvVarsInLog = 0;
		};
		A05AA5E27C3034D63FECCC6C /* [CP] Check Pods Manifest.lock */ = {
			isa = PBXShellScriptBuildPhase;
			buildActionMask = 2147483647;
			files = (
			);
			inputFileListPaths = (
			);
			inputPaths = (
				"${PODS_PODFILE_DIR_PATH}/Podfile.lock",
				"${PODS_ROOT}/Manifest.lock",
			);
			name = "[CP] Check Pods Manifest.lock";
			outputFileListPaths = (
			);
			outputPaths = (
				"$(DERIVED_FILE_DIR)/Pods-DGPlayerUITests-checkManifestLockResult.txt",
			);
			runOnlyForDeploymentPostprocessing = 0;
			shellPath = /bin/sh;
			shellScript = "diff \"${PODS_PODFILE_DIR_PATH}/Podfile.lock\" \"${PODS_ROOT}/Manifest.lock\" > /dev/null\nif [ $? != 0 ] ; then\n    # print error to STDERR\n    echo \"error: The sandbox is not in sync with the Podfile.lock. Run 'pod install' or update your CocoaPods installation.\" >&2\n    exit 1\nfi\n# This output is used by Xcode 'outputs' to avoid re-running this script phase.\necho \"SUCCESS\" > \"${SCRIPT_OUTPUT_FILE_0}\"\n";
			showEnvVarsInLog = 0;
		};
		DB8B576709DFC1810B70C8E7 /* [CP] Embed Pods Frameworks */ = {
			isa = PBXShellScriptBuildPhase;
			buildActionMask = 2147483647;
			files = (
			);
			inputFileListPaths = (
			);
			inputPaths = (
				"${SRCROOT}/Pods/Target Support Files/Pods-DGPlayer/Pods-DGPlayer-frameworks.sh",
				"${BUILT_PRODUCTS_DIR}/SnapKit/SnapKit.framework",
			);
			name = "[CP] Embed Pods Frameworks";
			outputFileListPaths = (
			);
			outputPaths = (
				"${TARGET_BUILD_DIR}/${FRAMEWORKS_FOLDER_PATH}/SnapKit.framework",
			);
			runOnlyForDeploymentPostprocessing = 0;
			shellPath = /bin/sh;
			shellScript = "\"${SRCROOT}/Pods/Target Support Files/Pods-DGPlayer/Pods-DGPlayer-frameworks.sh\"\n";
			showEnvVarsInLog = 0;
		};
/* End PBXShellScriptBuildPhase section */

/* Begin PBXSourcesBuildPhase section */
		63A05C0E21BBB2E400304FDB /* Sources */ = {
			isa = PBXSourcesBuildPhase;
			buildActionMask = 2147483647;
			files = (
				63A05C1821BBB2E400304FDB /* ViewController.swift in Sources */,
				63D43D8121BCDAA6004DF3BC /* DeviceTool.m in Sources */,
				63A05C4821BBB39300304FDB /* DGLoadingView.swift in Sources */,
				63A05C1621BBB2E400304FDB /* AppDelegate.swift in Sources */,
				63A05C5021BC104700304FDB /* DGPlayerViewController.swift in Sources */,
				63A05C4C21BBC2FB00304FDB /* DGPlayerView.swift in Sources */,
				63A05C4E21BBF4D600304FDB /* TestViewController.swift in Sources */,
			);
			runOnlyForDeploymentPostprocessing = 0;
		};
		63A05C2221BBB2E900304FDB /* Sources */ = {
			isa = PBXSourcesBuildPhase;
			buildActionMask = 2147483647;
			files = (
				63A05C2B21BBB2E900304FDB /* DGPlayerTests.swift in Sources */,
			);
			runOnlyForDeploymentPostprocessing = 0;
		};
		63A05C2D21BBB2E900304FDB /* Sources */ = {
			isa = PBXSourcesBuildPhase;
			buildActionMask = 2147483647;
			files = (
				63A05C3621BBB2E900304FDB /* DGPlayerUITests.swift in Sources */,
			);
			runOnlyForDeploymentPostprocessing = 0;
		};
/* End PBXSourcesBuildPhase section */

/* Begin PBXTargetDependency section */
		63A05C2821BBB2E900304FDB /* PBXTargetDependency */ = {
			isa = PBXTargetDependency;
			target = 63A05C1121BBB2E400304FDB /* DGPlayer */;
			targetProxy = 63A05C2721BBB2E900304FDB /* PBXContainerItemProxy */;
		};
		63A05C3321BBB2E900304FDB /* PBXTargetDependency */ = {
			isa = PBXTargetDependency;
			target = 63A05C1121BBB2E400304FDB /* DGPlayer */;
			targetProxy = 63A05C3221BBB2E900304FDB /* PBXContainerItemProxy */;
		};
/* End PBXTargetDependency section */

/* Begin PBXVariantGroup section */
		63A05C1921BBB2E400304FDB /* Main.storyboard */ = {
			isa = PBXVariantGroup;
			children = (
				63A05C1A21BBB2E400304FDB /* Base */,
			);
			name = Main.storyboard;
			sourceTree = "<group>";
		};
		63A05C1E21BBB2E900304FDB /* LaunchScreen.storyboard */ = {
			isa = PBXVariantGroup;
			children = (
				63A05C1F21BBB2E900304FDB /* Base */,
			);
			name = LaunchScreen.storyboard;
			sourceTree = "<group>";
		};
/* End PBXVariantGroup section */

/* Begin XCBuildConfiguration section */
		63A05C3821BBB2E900304FDB /* Debug */ = {
			isa = XCBuildConfiguration;
			buildSettings = {
				ALWAYS_SEARCH_USER_PATHS = NO;
				CLANG_ANALYZER_NONNULL = YES;
				CLANG_ANALYZER_NUMBER_OBJECT_CONVERSION = YES_AGGRESSIVE;
				CLANG_CXX_LANGUAGE_STANDARD = "gnu++14";
				CLANG_CXX_LIBRARY = "libc++";
				CLANG_ENABLE_MODULES = YES;
				CLANG_ENABLE_OBJC_ARC = YES;
				CLANG_ENABLE_OBJC_WEAK = YES;
				CLANG_WARN_BLOCK_CAPTURE_AUTORELEASING = YES;
				CLANG_WARN_BOOL_CONVERSION = YES;
				CLANG_WARN_COMMA = YES;
				CLANG_WARN_CONSTANT_CONVERSION = YES;
				CLANG_WARN_DEPRECATED_OBJC_IMPLEMENTATIONS = YES;
				CLANG_WARN_DIRECT_OBJC_ISA_USAGE = YES_ERROR;
				CLANG_WARN_DOCUMENTATION_COMMENTS = YES;
				CLANG_WARN_EMPTY_BODY = YES;
				CLANG_WARN_ENUM_CONVERSION = YES;
				CLANG_WARN_INFINITE_RECURSION = YES;
				CLANG_WARN_INT_CONVERSION = YES;
				CLANG_WARN_NON_LITERAL_NULL_CONVERSION = YES;
				CLANG_WARN_OBJC_IMPLICIT_RETAIN_SELF = YES;
				CLANG_WARN_OBJC_LITERAL_CONVERSION = YES;
				CLANG_WARN_OBJC_ROOT_CLASS = YES_ERROR;
				CLANG_WARN_RANGE_LOOP_ANALYSIS = YES;
				CLANG_WARN_STRICT_PROTOTYPES = YES;
				CLANG_WARN_SUSPICIOUS_MOVE = YES;
				CLANG_WARN_UNGUARDED_AVAILABILITY = YES_AGGRESSIVE;
				CLANG_WARN_UNREACHABLE_CODE = YES;
				CLANG_WARN__DUPLICATE_METHOD_MATCH = YES;
				CODE_SIGN_IDENTITY = "iPhone Developer";
				COPY_PHASE_STRIP = NO;
				DEBUG_INFORMATION_FORMAT = dwarf;
				ENABLE_STRICT_OBJC_MSGSEND = YES;
				ENABLE_TESTABILITY = YES;
				GCC_C_LANGUAGE_STANDARD = gnu11;
				GCC_DYNAMIC_NO_PIC = NO;
				GCC_NO_COMMON_BLOCKS = YES;
				GCC_OPTIMIZATION_LEVEL = 0;
				GCC_PREPROCESSOR_DEFINITIONS = (
					"DEBUG=1",
					"$(inherited)",
				);
				GCC_WARN_64_TO_32_BIT_CONVERSION = YES;
				GCC_WARN_ABOUT_RETURN_TYPE = YES_ERROR;
				GCC_WARN_UNDECLARED_SELECTOR = YES;
				GCC_WARN_UNINITIALIZED_AUTOS = YES_AGGRESSIVE;
				GCC_WARN_UNUSED_FUNCTION = YES;
				GCC_WARN_UNUSED_VARIABLE = YES;
				IPHONEOS_DEPLOYMENT_TARGET = 12.1;
				MTL_ENABLE_DEBUG_INFO = INCLUDE_SOURCE;
				MTL_FAST_MATH = YES;
				ONLY_ACTIVE_ARCH = YES;
				SDKROOT = iphoneos;
				SWIFT_ACTIVE_COMPILATION_CONDITIONS = DEBUG;
				SWIFT_OPTIMIZATION_LEVEL = "-Onone";
			};
			name = Debug;
		};
		63A05C3921BBB2E900304FDB /* Release */ = {
			isa = XCBuildConfiguration;
			buildSettings = {
				ALWAYS_SEARCH_USER_PATHS = NO;
				CLANG_ANALYZER_NONNULL = YES;
				CLANG_ANALYZER_NUMBER_OBJECT_CONVERSION = YES_AGGRESSIVE;
				CLANG_CXX_LANGUAGE_STANDARD = "gnu++14";
				CLANG_CXX_LIBRARY = "libc++";
				CLANG_ENABLE_MODULES = YES;
				CLANG_ENABLE_OBJC_ARC = YES;
				CLANG_ENABLE_OBJC_WEAK = YES;
				CLANG_WARN_BLOCK_CAPTURE_AUTORELEASING = YES;
				CLANG_WARN_BOOL_CONVERSION = YES;
				CLANG_WARN_COMMA = YES;
				CLANG_WARN_CONSTANT_CONVERSION = YES;
				CLANG_WARN_DEPRECATED_OBJC_IMPLEMENTATIONS = YES;
				CLANG_WARN_DIRECT_OBJC_ISA_USAGE = YES_ERROR;
				CLANG_WARN_DOCUMENTATION_COMMENTS = YES;
				CLANG_WARN_EMPTY_BODY = YES;
				CLANG_WARN_ENUM_CONVERSION = YES;
				CLANG_WARN_INFINITE_RECURSION = YES;
				CLANG_WARN_INT_CONVERSION = YES;
				CLANG_WARN_NON_LITERAL_NULL_CONVERSION = YES;
				CLANG_WARN_OBJC_IMPLICIT_RETAIN_SELF = YES;
				CLANG_WARN_OBJC_LITERAL_CONVERSION = YES;
				CLANG_WARN_OBJC_ROOT_CLASS = YES_ERROR;
				CLANG_WARN_RANGE_LOOP_ANALYSIS = YES;
				CLANG_WARN_STRICT_PROTOTYPES = YES;
				CLANG_WARN_SUSPICIOUS_MOVE = YES;
				CLANG_WARN_UNGUARDED_AVAILABILITY = YES_AGGRESSIVE;
				CLANG_WARN_UNREACHABLE_CODE = YES;
				CLANG_WARN__DUPLICATE_METHOD_MATCH = YES;
				CODE_SIGN_IDENTITY = "iPhone Developer";
				COPY_PHASE_STRIP = NO;
				DEBUG_INFORMATION_FORMAT = "dwarf-with-dsym";
				ENABLE_NS_ASSERTIONS = NO;
				ENABLE_STRICT_OBJC_MSGSEND = YES;
				GCC_C_LANGUAGE_STANDARD = gnu11;
				GCC_NO_COMMON_BLOCKS = YES;
				GCC_WARN_64_TO_32_BIT_CONVERSION = YES;
				GCC_WARN_ABOUT_RETURN_TYPE = YES_ERROR;
				GCC_WARN_UNDECLARED_SELECTOR = YES;
				GCC_WARN_UNINITIALIZED_AUTOS = YES_AGGRESSIVE;
				GCC_WARN_UNUSED_FUNCTION = YES;
				GCC_WARN_UNUSED_VARIABLE = YES;
				IPHONEOS_DEPLOYMENT_TARGET = 12.1;
				MTL_ENABLE_DEBUG_INFO = NO;
				MTL_FAST_MATH = YES;
				SDKROOT = iphoneos;
				SWIFT_COMPILATION_MODE = wholemodule;
				SWIFT_OPTIMIZATION_LEVEL = "-O";
				VALIDATE_PRODUCT = YES;
			};
			name = Release;
		};
		63A05C3B21BBB2E900304FDB /* Debug */ = {
			isa = XCBuildConfiguration;
			baseConfigurationReference = 6BB2D1F2321245BD30DCD3FF /* Pods-DGPlayer.debug.xcconfig */;
			buildSettings = {
				ASSETCATALOG_COMPILER_APPICON_NAME = AppIcon;
				CLANG_ENABLE_MODULES = YES;
				CODE_SIGN_STYLE = Automatic;
				DEVELOPMENT_TEAM = 32VW4RTG7L;
				INFOPLIST_FILE = DGPlayer/Info.plist;
				IPHONEOS_DEPLOYMENT_TARGET = 11.0;
				LD_RUNPATH_SEARCH_PATHS = (
					"$(inherited)",
					"@executable_path/Frameworks",
				);
				PRODUCT_BUNDLE_IDENTIFIER = com.chashao.DGPlayer;
				PRODUCT_NAME = "$(TARGET_NAME)";
				SWIFT_OBJC_BRIDGING_HEADER = "DGPlayer/DGPlayer-Bridging-Header.h";
				SWIFT_OPTIMIZATION_LEVEL = "-Onone";
				SWIFT_VERSION = 4.2;
				TARGETED_DEVICE_FAMILY = "1,2";
			};
			name = Debug;
		};
		63A05C3C21BBB2E900304FDB /* Release */ = {
			isa = XCBuildConfiguration;
			baseConfigurationReference = A46BAF37EE8F4E293FC5718C /* Pods-DGPlayer.release.xcconfig */;
			buildSettings = {
				ASSETCATALOG_COMPILER_APPICON_NAME = AppIcon;
				CLANG_ENABLE_MODULES = YES;
				CODE_SIGN_STYLE = Automatic;
				DEVELOPMENT_TEAM = 32VW4RTG7L;
				INFOPLIST_FILE = DGPlayer/Info.plist;
				IPHONEOS_DEPLOYMENT_TARGET = 11.0;
				LD_RUNPATH_SEARCH_PATHS = (
					"$(inherited)",
					"@executable_path/Frameworks",
				);
				PRODUCT_BUNDLE_IDENTIFIER = com.chashao.DGPlayer;
				PRODUCT_NAME = "$(TARGET_NAME)";
				SWIFT_OBJC_BRIDGING_HEADER = "DGPlayer/DGPlayer-Bridging-Header.h";
				SWIFT_VERSION = 4.2;
				TARGETED_DEVICE_FAMILY = "1,2";
			};
			name = Release;
		};
		63A05C3E21BBB2E900304FDB /* Debug */ = {
			isa = XCBuildConfiguration;
			baseConfigurationReference = B91F09288A34FDB0CB8A0D87 /* Pods-DGPlayerTests.debug.xcconfig */;
			buildSettings = {
				ALWAYS_EMBED_SWIFT_STANDARD_LIBRARIES = YES;
				BUNDLE_LOADER = "$(TEST_HOST)";
				CODE_SIGN_STYLE = Automatic;
				DEVELOPMENT_TEAM = 32VW4RTG7L;
				INFOPLIST_FILE = DGPlayerTests/Info.plist;
				LD_RUNPATH_SEARCH_PATHS = (
					"$(inherited)",
					"@executable_path/Frameworks",
					"@loader_path/Frameworks",
				);
				PRODUCT_BUNDLE_IDENTIFIER = com.chashao.DGPlayerTests;
				PRODUCT_NAME = "$(TARGET_NAME)";
				SWIFT_VERSION = 4.2;
				TARGETED_DEVICE_FAMILY = "1,2";
				TEST_HOST = "$(BUILT_PRODUCTS_DIR)/DGPlayer.app/DGPlayer";
			};
			name = Debug;
		};
		63A05C3F21BBB2E900304FDB /* Release */ = {
			isa = XCBuildConfiguration;
			baseConfigurationReference = F88C2D8A87DCC2E1EADB7BAC /* Pods-DGPlayerTests.release.xcconfig */;
			buildSettings = {
				ALWAYS_EMBED_SWIFT_STANDARD_LIBRARIES = YES;
				BUNDLE_LOADER = "$(TEST_HOST)";
				CODE_SIGN_STYLE = Automatic;
				DEVELOPMENT_TEAM = 32VW4RTG7L;
				INFOPLIST_FILE = DGPlayerTests/Info.plist;
				LD_RUNPATH_SEARCH_PATHS = (
					"$(inherited)",
					"@executable_path/Frameworks",
					"@loader_path/Frameworks",
				);
				PRODUCT_BUNDLE_IDENTIFIER = com.chashao.DGPlayerTests;
				PRODUCT_NAME = "$(TARGET_NAME)";
				SWIFT_VERSION = 4.2;
				TARGETED_DEVICE_FAMILY = "1,2";
				TEST_HOST = "$(BUILT_PRODUCTS_DIR)/DGPlayer.app/DGPlayer";
			};
			name = Release;
		};
		63A05C4121BBB2E900304FDB /* Debug */ = {
			isa = XCBuildConfiguration;
			baseConfigurationReference = C99791AD429D8E6E6AFBB8AB /* Pods-DGPlayerUITests.debug.xcconfig */;
			buildSettings = {
				ALWAYS_EMBED_SWIFT_STANDARD_LIBRARIES = YES;
				CODE_SIGN_STYLE = Automatic;
				DEVELOPMENT_TEAM = 32VW4RTG7L;
				INFOPLIST_FILE = DGPlayerUITests/Info.plist;
				LD_RUNPATH_SEARCH_PATHS = (
					"$(inherited)",
					"@executable_path/Frameworks",
					"@loader_path/Frameworks",
				);
				PRODUCT_BUNDLE_IDENTIFIER = com.chashao.DGPlayerUITests;
				PRODUCT_NAME = "$(TARGET_NAME)";
				SWIFT_VERSION = 4.2;
				TARGETED_DEVICE_FAMILY = "1,2";
				TEST_TARGET_NAME = DGPlayer;
			};
			name = Debug;
		};
		63A05C4221BBB2E900304FDB /* Release */ = {
			isa = XCBuildConfiguration;
			baseConfigurationReference = 85797799234D5B90683AB367 /* Pods-DGPlayerUITests.release.xcconfig */;
			buildSettings = {
				ALWAYS_EMBED_SWIFT_STANDARD_LIBRARIES = YES;
				CODE_SIGN_STYLE = Automatic;
				DEVELOPMENT_TEAM = 32VW4RTG7L;
				INFOPLIST_FILE = DGPlayerUITests/Info.plist;
				LD_RUNPATH_SEARCH_PATHS = (
					"$(inherited)",
					"@executable_path/Frameworks",
					"@loader_path/Frameworks",
				);
				PRODUCT_BUNDLE_IDENTIFIER = com.chashao.DGPlayerUITests;
				PRODUCT_NAME = "$(TARGET_NAME)";
				SWIFT_VERSION = 4.2;
				TARGETED_DEVICE_FAMILY = "1,2";
				TEST_TARGET_NAME = DGPlayer;
			};
			name = Release;
		};
/* End XCBuildConfiguration section */

/* Begin XCConfigurationList section */
		63A05C0D21BBB2E400304FDB /* Build configuration list for PBXProject "DGPlayer" */ = {
			isa = XCConfigurationList;
			buildConfigurations = (
				63A05C3821BBB2E900304FDB /* Debug */,
				63A05C3921BBB2E900304FDB /* Release */,
			);
			defaultConfigurationIsVisible = 0;
			defaultConfigurationName = Release;
		};
		63A05C3A21BBB2E900304FDB /* Build configuration list for PBXNativeTarget "DGPlayer" */ = {
			isa = XCConfigurationList;
			buildConfigurations = (
				63A05C3B21BBB2E900304FDB /* Debug */,
				63A05C3C21BBB2E900304FDB /* Release */,
			);
			defaultConfigurationIsVisible = 0;
			defaultConfigurationName = Release;
		};
		63A05C3D21BBB2E900304FDB /* Build configuration list for PBXNativeTarget "DGPlayerTests" */ = {
			isa = XCConfigurationList;
			buildConfigurations = (
				63A05C3E21BBB2E900304FDB /* Debug */,
				63A05C3F21BBB2E900304FDB /* Release */,
			);
			defaultConfigurationIsVisible = 0;
			defaultConfigurationName = Release;
		};
		63A05C4021BBB2E900304FDB /* Build configuration list for PBXNativeTarget "DGPlayerUITests" */ = {
			isa = XCConfigurationList;
			buildConfigurations = (
				63A05C4121BBB2E900304FDB /* Debug */,
				63A05C4221BBB2E900304FDB /* Release */,
			);
			defaultConfigurationIsVisible = 0;
			defaultConfigurationName = Release;
		};
/* End XCConfigurationList section */
	};
	rootObject = 63A05C0A21BBB2E400304FDB /* Project object */;
}
